# This file is generated by running "yarn install" inside your project.
# Manual changes might be lost - proceed with caution!

__metadata:
  version: 6
  cacheKey: 8

"@types/lodash@npm:^4.14.170":
  version: 4.14.170
  resolution: "@types/lodash@npm:4.14.170"
  checksum: 238a440804e787b85461cc280a11926c80779f7502fec21a70b4424d5feba4cc34cdcbbbc1dca2ec5e75b06d5dc42e42add798be3b6651e8dce9f4b5318d6022
  languageName: node
  linkType: hard

"@types/node@npm:^15.12.5":
  version: 15.12.5
  resolution: "@types/node@npm:15.12.5"
  checksum: 4550941a5db67f21bf1c54b2f76ef6fb56ced08583b6049fceef5972ef73791225c41b9a30ce36f496fded284dd736973b5e2107f4bd036d41f35550e3af3450
  languageName: node
  linkType: hard

"axios@npm:^0.21.1":
  version: 0.21.1
  resolution: "axios@npm:0.21.1"
  dependencies:
    follow-redirects: ^1.10.0
  checksum: c87915fa0b18c15c63350112b6b3563a3e2ae524d7707de0a73d2e065e0d30c5d3da8563037bc29d4cc1b7424b5a350cb7274fa52525c6c04a615fe561c6ab11
  languageName: node
  linkType: hard

"buffer-from@npm:^1.0.0":
  version: 1.1.1
  resolution: "buffer-from@npm:1.1.1"
  checksum: ccc53b69736008bff764497367c4d24879ba7122bc619ee499ff47eef3a5b885ca496e87272e7ebffa0bec3804c83f84041c616f6e3318f40624e27c1d80f045
  languageName: node
  linkType: hard

"csv-stringify@npm:^6.2.0":
  version: 6.2.0
  resolution: "csv-stringify@npm:6.2.0"
  checksum: c2fa074fbf2bcb8cea966c1bdf89d377f1f79bbd33e13092131cac511363479a4e7a923f26fe741e2ef5bad479a400c72e18ceb4b7c33e1f0a60cf33f5c31f1c
  languageName: node
  linkType: hard

"follow-redirects@npm:^1.10.0":
  version: 1.14.1
  resolution: "follow-redirects@npm:1.14.1"
  peerDependenciesMeta:
    debug:
      optional: true
  checksum: 7381a55bdc6951c5c1ab73a8da99d9fa4c0496ce72dba92cd2ac2babe0e3ebde9b81c5bca889498ad95984bc773d713284ca2bb17f1b1e1416e5f6531e39a488
  languageName: node
  linkType: hard

"lodash@npm:^4.17.21":
  version: 4.17.21
  resolution: "lodash@npm:4.17.21"
  checksum: eb835a2e51d381e561e508ce932ea50a8e5a68f4ebdd771ea240d3048244a8d13658acbd502cd4829768c56f2e16bdd4340b9ea141297d472517b83868e677f7
  languageName: node
  linkType: hard

"root-workspace-0b6124@workspace:.":
  version: 0.0.0-use.local
  resolution: "root-workspace-0b6124@workspace:."
  dependencies:
    "@types/lodash": ^4.14.170
    "@types/node": ^15.12.5
    axios: ^0.21.1
    csv-stringify: ^6.2.0
    lodash: ^4.17.21
    source-map-support: ^0.5.19
    typescript: ^4.3.2
  languageName: unknown
  linkType: soft

"source-map-support@npm:^0.5.19":
  version: 0.5.19
  resolution: "source-map-support@npm:0.5.19"
  dependencies:
    buffer-from: ^1.0.0
    source-map: ^0.6.0
  checksum: c72802fdba9cb62b92baef18cc14cc4047608b77f0353e6c36dd993444149a466a2845332c5540d4a6630957254f0f68f4ef5a0120c33d2e83974c51a05afbac
  languageName: node
  linkType: hard

"source-map@npm:^0.6.0":
  version: 0.6.1
  resolution: "source-map@npm:0.6.1"
  checksum: 59ce8640cf3f3124f64ac289012c2b8bd377c238e316fb323ea22fbfe83da07d81e000071d7242cad7a23cd91c7de98e4df8830ec3f133cb6133a5f6e9f67bc2
  languageName: node
  linkType: hard

"typescript@npm:^4.3.2":
  version: 4.3.4
  resolution: "typescript@npm:4.3.4"
  bin:
    tsc: bin/tsc
    tsserver: bin/tsserver
  checksum: 75e1f2769c7ff38c718523d05eaf1c2611dbf92c0ab0f85f603ead9bb23416af2009a5dac46e76ef6a207a8508fa53f51b43a41f2a91b1241b53cd744c16128c
  languageName: node
  linkType: hard

"typescript@patch:typescript@^4.3.2#~builtin<compat/typescript>":
  version: 4.3.4
  resolution: "typescript@patch:typescript@npm%3A4.3.4#~builtin<compat/typescript>::version=4.3.4&hash=dba6d9"
  bin:
    tsc: bin/tsc
    tsserver: bin/tsserver
  checksum: 6ccc2e1148e172da119ea4b72c66395a0c18a53884d21fb82bb4503a948a7169e9961defe24a359040a3d77bf5ff338945804296e0e27c87b5bd22ea1d25781b
  languageName: node
  linkType: hard
